
Microsoft Visual Studio Solution File, Format Version 12.00
Project("{FAE04EC0-301F-11D3-BF4B-00C04F79EFBC}") = "EFCoreWorkshop.Model", "EFCoreWorkshop.Model\EFCoreWorkshop.Model.csproj", "{F88DCFB9-E35F-4BE2-9B5B-7A4727C5E43A}"
EndProject
Project("{FAE04EC0-301F-11D3-BF4B-00C04F79EFBC}") = "EFCoreWorkshop.Tasks", "EFCoreWorkshop.Tasks\EFCoreWorkshop.Tasks.csproj", "{E6FAE114-DE17-4C95-857C-8D40AF6F5D79}"
EndProject
Project("{FAE04EC0-301F-11D3-BF4B-00C04F79EFBC}") = "EFCoreWorksop.Migration", "EFCoreWorksop.Migration\EFCoreWorksop.Migration.csproj", "{69104C90-54C7-42D5-8F79-E1F61788F540}"
EndProject
Global
	GlobalSection(SolutionConfigurationPlatforms) = preSolution
		Debug|Any CPU = Debug|Any CPU
		Release|Any CPU = Release|Any CPU
	EndGlobalSection
	GlobalSection(ProjectConfigurationPlatforms) = postSolution
		{F88DCFB9-E35F-4BE2-9B5B-7A4727C5E43A}.Debug|Any CPU.ActiveCfg = Debug|Any CPU
		{F88DCFB9-E35F-4BE2-9B5B-7A4727C5E43A}.Debug|Any CPU.Build.0 = Debug|Any CPU
		{F88DCFB9-E35F-4BE2-9B5B-7A4727C5E43A}.Release|Any CPU.ActiveCfg = Release|Any CPU
		{F88DCFB9-E35F-4BE2-9B5B-7A4727C5E43A}.Release|Any CPU.Build.0 = Release|Any CPU
		{E6FAE114-DE17-4C95-857C-8D40AF6F5D79}.Debug|Any CPU.ActiveCfg = Debug|Any CPU
		{E6FAE114-DE17-4C95-857C-8D40AF6F5D79}.Debug|Any CPU.Build.0 = Debug|Any CPU
		{E6FAE114-DE17-4C95-857C-8D40AF6F5D79}.Release|Any CPU.ActiveCfg = Release|Any CPU
		{E6FAE114-DE17-4C95-857C-8D40AF6F5D79}.Release|Any CPU.Build.0 = Release|Any CPU
		{69104C90-54C7-42D5-8F79-E1F61788F540}.Debug|Any CPU.ActiveCfg = Debug|Any CPU
		{69104C90-54C7-42D5-8F79-E1F61788F540}.Debug|Any CPU.Build.0 = Debug|Any CPU
		{69104C90-54C7-42D5-8F79-E1F61788F540}.Release|Any CPU.ActiveCfg = Release|Any CPU
		{69104C90-54C7-42D5-8F79-E1F61788F540}.Release|Any CPU.Build.0 = Release|Any CPU
	EndGlobalSection
EndGlobal
